
Microsoft Visual Studio Solution File, Format Version 12.00
# Visual Studio Version 16
VisualStudioVersion = 16.0.30907.101
MinimumVisualStudioVersion = 10.0.40219.1
Project("{FAE04EC0-301F-11D3-BF4B-00C04F79EFBC}") = "UnturnedPluginTemplate", "UnturnedPluginTemplate\UnturnedPluginTemplate.csproj", "{22CE5F4E-C95C-4B98-AFD7-E1108FA35CBC}"
EndProject
Project("{FAE04EC0-301F-11D3-BF4B-00C04F79EFBC}") = "OpenMod.Unturned.PluginWizard", "OpenMod.Unturned.PluginWizard\OpenMod.Unturned.PluginWizard.csproj", "{2E2BADD8-8578-4269-9ADC-221A91D638E4}"
EndProject
Global
	GlobalSection(SolutionConfigurationPlatforms) = preSolution
		Debug|Any CPU = Debug|Any CPU
		Release|Any CPU = Release|Any CPU
	EndGlobalSection
	GlobalSection(ProjectConfigurationPlatforms) = postSolution
		{22CE5F4E-C95C-4B98-AFD7-E1108FA35CBC}.Debug|Any CPU.ActiveCfg = Debug|Any CPU
		{22CE5F4E-C95C-4B98-AFD7-E1108FA35CBC}.Debug|Any CPU.Build.0 = Debug|Any CPU
		{22CE5F4E-C95C-4B98-AFD7-E1108FA35CBC}.Release|Any CPU.ActiveCfg = Release|Any CPU
		{22CE5F4E-C95C-4B98-AFD7-E1108FA35CBC}.Release|Any CPU.Build.0 = Release|Any CPU
		{2E2BADD8-8578-4269-9ADC-221A91D638E4}.Debug|Any CPU.ActiveCfg = Debug|Any CPU
		{2E2BADD8-8578-4269-9ADC-221A91D638E4}.Debug|Any CPU.Build.0 = Debug|Any CPU
		{2E2BADD8-8578-4269-9ADC-221A91D638E4}.Release|Any CPU.ActiveCfg = Release|Any CPU
		{2E2BADD8-8578-4269-9ADC-221A91D638E4}.Release|Any CPU.Build.0 = Release|Any CPU
	EndGlobalSection
	GlobalSection(SolutionProperties) = preSolution
		HideSolutionNode = FALSE
	EndGlobalSection
	GlobalSection(ExtensibilityGlobals) = postSolution
		SolutionGuid = {6786BE7F-A22C-46B4-AA78-7C5FE090A41C}
	EndGlobalSection
EndGlobal
